
Microsoft Visual Studio Solution File, Format Version 12.00
# Visual Studio Version 16
VisualStudioVersion = 16.0.30002.166
MinimumVisualStudioVersion = 10.0.40219.1
Project("{FAE04EC0-301F-11D3-BF4B-00C04F79EFBC}") = "vize_odevim", "vize_odevim\vize_odevim.csproj", "{64FF5D4F-FB79-4D63-96CA-91A7D74FC13A}"
EndProject
Global
	GlobalSection(SolutionConfigurationPlatforms) = preSolution
		Debug|Any CPU = Debug|Any CPU
		Release|Any CPU = Release|Any CPU
	EndGlobalSection
	GlobalSection(ProjectConfigurationPlatforms) = postSolution
		{64FF5D4F-FB79-4D63-96CA-91A7D74FC13A}.Debug|Any CPU.ActiveCfg = Debug|Any CPU
		{64FF5D4F-FB79-4D63-96CA-91A7D74FC13A}.Debug|Any CPU.Build.0 = Debug|Any CPU
		{64FF5D4F-FB79-4D63-96CA-91A7D74FC13A}.Release|Any CPU.ActiveCfg = Release|Any CPU
		{64FF5D4F-FB79-4D63-96CA-91A7D74FC13A}.Release|Any CPU.Build.0 = Release|Any CPU
	EndGlobalSection
	GlobalSection(SolutionProperties) = preSolution
		HideSolutionNode = FALSE
	EndGlobalSection
	GlobalSection(ExtensibilityGlobals) = postSolution
		SolutionGuid = {57C990D2-04EC-4F77-A3A6-04153B0DB819}
	EndGlobalSection
EndGlobal
